
Microsoft Visual Studio Solution File, Format Version 12.00
# Visual Studio 15
VisualStudioVersion = 15.0.27130.0
MinimumVisualStudioVersion = 10.0.40219.1
Project("{FAE04EC0-301F-11D3-BF4B-00C04F79EFBC}") = "BcfTreeView", "BcfTreeView\BcfTreeView.csproj", "{B1B557A5-ECD1-4819-8D9A-1AD825255CCC}"
EndProject
Project("{FAE04EC0-301F-11D3-BF4B-00C04F79EFBC}") = "Example", "Example\Example.csproj", "{073639CE-5035-48D6-998F-ED86DB7CD939}"
EndProject
Global
	GlobalSection(SolutionConfigurationPlatforms) = preSolution
		Debug|Any CPU = Debug|Any CPU
		Release|Any CPU = Release|Any CPU
	EndGlobalSection
	GlobalSection(ProjectConfigurationPlatforms) = postSolution
		{B1B557A5-ECD1-4819-8D9A-1AD825255CCC}.Debug|Any CPU.ActiveCfg = Debug|Any CPU
		{B1B557A5-ECD1-4819-8D9A-1AD825255CCC}.Debug|Any CPU.Build.0 = Debug|Any CPU
		{B1B557A5-ECD1-4819-8D9A-1AD825255CCC}.Release|Any CPU.ActiveCfg = Release|Any CPU
		{B1B557A5-ECD1-4819-8D9A-1AD825255CCC}.Release|Any CPU.Build.0 = Release|Any CPU
		{073639CE-5035-48D6-998F-ED86DB7CD939}.Debug|Any CPU.ActiveCfg = Debug|Any CPU
		{073639CE-5035-48D6-998F-ED86DB7CD939}.Debug|Any CPU.Build.0 = Debug|Any CPU
		{073639CE-5035-48D6-998F-ED86DB7CD939}.Release|Any CPU.ActiveCfg = Release|Any CPU
		{073639CE-5035-48D6-998F-ED86DB7CD939}.Release|Any CPU.Build.0 = Release|Any CPU
	EndGlobalSection
	GlobalSection(SolutionProperties) = preSolution
		HideSolutionNode = FALSE
	EndGlobalSection
	GlobalSection(ExtensibilityGlobals) = postSolution
		SolutionGuid = {FE411FB5-3590-4FC2-9680-4B72E895E516}
	EndGlobalSection
EndGlobal
