
Microsoft Visual Studio Solution File, Format Version 12.00
# Visual Studio 15
VisualStudioVersion = 15.0.27130.2010
MinimumVisualStudioVersion = 10.0.40219.1
Project("{FAE04EC0-301F-11D3-BF4B-00C04F79EFBC}") = "BcfSudoku", "BcfSudoku\BcfSudoku.csproj", "{9FD03093-FD31-43CC-9C16-D4B3A767A3E2}"
EndProject
Project("{FAE04EC0-301F-11D3-BF4B-00C04F79EFBC}") = "BcfSudoku.Test", "BcfSudoku.Test\BcfSudoku.Test.csproj", "{9793567D-EB73-426B-AF76-F7DDB76F1052}"
EndProject
Global
	GlobalSection(SolutionConfigurationPlatforms) = preSolution
		Debug|Any CPU = Debug|Any CPU
		Release|Any CPU = Release|Any CPU
	EndGlobalSection
	GlobalSection(ProjectConfigurationPlatforms) = postSolution
		{9FD03093-FD31-43CC-9C16-D4B3A767A3E2}.Debug|Any CPU.ActiveCfg = Debug|Any CPU
		{9FD03093-FD31-43CC-9C16-D4B3A767A3E2}.Debug|Any CPU.Build.0 = Debug|Any CPU
		{9FD03093-FD31-43CC-9C16-D4B3A767A3E2}.Release|Any CPU.ActiveCfg = Release|Any CPU
		{9FD03093-FD31-43CC-9C16-D4B3A767A3E2}.Release|Any CPU.Build.0 = Release|Any CPU
		{9793567D-EB73-426B-AF76-F7DDB76F1052}.Debug|Any CPU.ActiveCfg = Debug|Any CPU
		{9793567D-EB73-426B-AF76-F7DDB76F1052}.Debug|Any CPU.Build.0 = Debug|Any CPU
		{9793567D-EB73-426B-AF76-F7DDB76F1052}.Release|Any CPU.ActiveCfg = Release|Any CPU
		{9793567D-EB73-426B-AF76-F7DDB76F1052}.Release|Any CPU.Build.0 = Release|Any CPU
	EndGlobalSection
	GlobalSection(SolutionProperties) = preSolution
		HideSolutionNode = FALSE
	EndGlobalSection
	GlobalSection(ExtensibilityGlobals) = postSolution
		SolutionGuid = {87685704-638D-49CE-9C22-179C65D07170}
	EndGlobalSection
EndGlobal
